
Microsoft Visual Studio Solution File, Format Version 12.00
Project("{FAE04EC0-301F-11D3-BF4B-00C04F79EFBC}") = "GitDriveUI", "GitDriveUI\GitDriveUI.csproj", "{EC7B0F84-4DE6-4460-A441-0A1EFB909881}"
EndProject
Project("{FAE04EC0-301F-11D3-BF4B-00C04F79EFBC}") = "GitDriveCLI", "GitDriveCLI\GitDriveCLI.csproj", "{0EDDE1D2-C3FE-49F2-8F91-B6729AF64567}"
EndProject
Project("{FAE04EC0-301F-11D3-BF4B-00C04F79EFBC}") = "GitDrive", "GitDrive\GitDrive.csproj", "{C0A6EB8E-48AB-495E-BC31-B725ADEEACED}"
EndProject
Global
	GlobalSection(SolutionConfigurationPlatforms) = preSolution
		Debug|Any CPU = Debug|Any CPU
		Release|Any CPU = Release|Any CPU
	EndGlobalSection
	GlobalSection(ProjectConfigurationPlatforms) = postSolution
		{EC7B0F84-4DE6-4460-A441-0A1EFB909881}.Debug|Any CPU.ActiveCfg = Debug|Any CPU
		{EC7B0F84-4DE6-4460-A441-0A1EFB909881}.Debug|Any CPU.Build.0 = Debug|Any CPU
		{EC7B0F84-4DE6-4460-A441-0A1EFB909881}.Release|Any CPU.ActiveCfg = Release|Any CPU
		{EC7B0F84-4DE6-4460-A441-0A1EFB909881}.Release|Any CPU.Build.0 = Release|Any CPU
		{0EDDE1D2-C3FE-49F2-8F91-B6729AF64567}.Debug|Any CPU.ActiveCfg = Debug|Any CPU
		{0EDDE1D2-C3FE-49F2-8F91-B6729AF64567}.Debug|Any CPU.Build.0 = Debug|Any CPU
		{0EDDE1D2-C3FE-49F2-8F91-B6729AF64567}.Release|Any CPU.ActiveCfg = Release|Any CPU
		{0EDDE1D2-C3FE-49F2-8F91-B6729AF64567}.Release|Any CPU.Build.0 = Release|Any CPU
		{C0A6EB8E-48AB-495E-BC31-B725ADEEACED}.Debug|Any CPU.ActiveCfg = Debug|Any CPU
		{C0A6EB8E-48AB-495E-BC31-B725ADEEACED}.Debug|Any CPU.Build.0 = Debug|Any CPU
		{C0A6EB8E-48AB-495E-BC31-B725ADEEACED}.Release|Any CPU.ActiveCfg = Release|Any CPU
		{C0A6EB8E-48AB-495E-BC31-B725ADEEACED}.Release|Any CPU.Build.0 = Release|Any CPU
	EndGlobalSection
EndGlobal
